
Microsoft Visual Studio Solution File, Format Version 12.00
# Visual Studio Version 17
VisualStudioVersion = 17.7.34031.279
MinimumVisualStudioVersion = 10.0.40219.1
Project("{9A19103F-16F7-4668-BE54-9A1E7A4F7556}") = "MyInheritanceLibrary", "MyInheritanceLibrary\MyInheritanceLibrary.csproj", "{12C46E04-856E-46AE-A0DA-0D1932066103}"
EndProject
Project("{FAE04EC0-301F-11D3-BF4B-00C04F79EFBC}") = "AnimalTestz", "AnimalTestz\AnimalTestz.csproj", "{7D4B2784-C55B-4362-9FC5-58DAFF47500A}"
EndProject
Project("{FAE04EC0-301F-11D3-BF4B-00C04F79EFBC}") = "AnimalLists", "AnimalLists\AnimalLists.csproj", "{27A2BD81-FBD5-4C88-9705-C677F9F13D8F}"
	ProjectSection(ProjectDependencies) = postProject
		{12C46E04-856E-46AE-A0DA-0D1932066103} = {12C46E04-856E-46AE-A0DA-0D1932066103}
	EndProjectSection
EndProject
Global
	GlobalSection(SolutionConfigurationPlatforms) = preSolution
		Debug|Any CPU = Debug|Any CPU
		Release|Any CPU = Release|Any CPU
	EndGlobalSection
	GlobalSection(ProjectConfigurationPlatforms) = postSolution
		{12C46E04-856E-46AE-A0DA-0D1932066103}.Debug|Any CPU.ActiveCfg = Debug|Any CPU
		{12C46E04-856E-46AE-A0DA-0D1932066103}.Debug|Any CPU.Build.0 = Debug|Any CPU
		{12C46E04-856E-46AE-A0DA-0D1932066103}.Release|Any CPU.ActiveCfg = Release|Any CPU
		{12C46E04-856E-46AE-A0DA-0D1932066103}.Release|Any CPU.Build.0 = Release|Any CPU
		{7D4B2784-C55B-4362-9FC5-58DAFF47500A}.Debug|Any CPU.ActiveCfg = Debug|Any CPU
		{7D4B2784-C55B-4362-9FC5-58DAFF47500A}.Debug|Any CPU.Build.0 = Debug|Any CPU
		{7D4B2784-C55B-4362-9FC5-58DAFF47500A}.Release|Any CPU.ActiveCfg = Release|Any CPU
		{7D4B2784-C55B-4362-9FC5-58DAFF47500A}.Release|Any CPU.Build.0 = Release|Any CPU
		{27A2BD81-FBD5-4C88-9705-C677F9F13D8F}.Debug|Any CPU.ActiveCfg = Debug|Any CPU
		{27A2BD81-FBD5-4C88-9705-C677F9F13D8F}.Debug|Any CPU.Build.0 = Debug|Any CPU
		{27A2BD81-FBD5-4C88-9705-C677F9F13D8F}.Release|Any CPU.ActiveCfg = Release|Any CPU
		{27A2BD81-FBD5-4C88-9705-C677F9F13D8F}.Release|Any CPU.Build.0 = Release|Any CPU
	EndGlobalSection
	GlobalSection(SolutionProperties) = preSolution
		HideSolutionNode = FALSE
	EndGlobalSection
	GlobalSection(ExtensibilityGlobals) = postSolution
		SolutionGuid = {13987F92-E9D2-42E9-BCAA-E8379022029A}
	EndGlobalSection
EndGlobal
